
Microsoft Visual Studio Solution File, Format Version 12.00
# Visual Studio Version 17
VisualStudioVersion = 17.2.32616.157
MinimumVisualStudioVersion = 10.0.40219.1
Project("{FAE04EC0-301F-11D3-BF4B-00C04F79EFBC}") = "BaoNgan_2011060674", "BaoNgan_2011060674\BaoNgan_2011060674.csproj", "{D2744BB9-1E2E-4E19-A9CE-2C118FDED3E1}"
EndProject
Global
	GlobalSection(SolutionConfigurationPlatforms) = preSolution
		Debug|Any CPU = Debug|Any CPU
		Release|Any CPU = Release|Any CPU
	EndGlobalSection
	GlobalSection(ProjectConfigurationPlatforms) = postSolution
		{D2744BB9-1E2E-4E19-A9CE-2C118FDED3E1}.Debug|Any CPU.ActiveCfg = Debug|Any CPU
		{D2744BB9-1E2E-4E19-A9CE-2C118FDED3E1}.Debug|Any CPU.Build.0 = Debug|Any CPU
		{D2744BB9-1E2E-4E19-A9CE-2C118FDED3E1}.Release|Any CPU.ActiveCfg = Release|Any CPU
		{D2744BB9-1E2E-4E19-A9CE-2C118FDED3E1}.Release|Any CPU.Build.0 = Release|Any CPU
	EndGlobalSection
	GlobalSection(SolutionProperties) = preSolution
		HideSolutionNode = FALSE
	EndGlobalSection
	GlobalSection(ExtensibilityGlobals) = postSolution
		SolutionGuid = {19D3E7F7-0185-4491-9E9E-8EEBBBEF48BD}
	EndGlobalSection
EndGlobal
